{
  "name": "tictactoe",
  "version": "0.1.0",
  "lockfileVersion": 3,
  "requires": true,
  "packages": {
    "": {
      "name": "tictactoe",
      "version": "0.1.0",
      "workspaces": [
        "client",
        "server"
      ],
      "engines": {
        "node": ">=20"
      }
    },
    "client": {
      "version": "0.1.0"
    },
    "node_modules/client": {
      "resolved": "client",
      "link": true
    },
    "node_modules/dotenv": {
      "version": "17.2.1",
      "resolved": "https://registry.npmjs.org/dotenv/-/dotenv-17.2.1.tgz",
      "integrity": "sha512-kQhDYKZecqnM0fCnzI5eIv5L4cAe/iRI+HqMbO/hbRdTAeXDG+M9FjipUxNfbARuEg4iHIbhnhs78BCHNbSxEQ==",
      "license": "BSD-2-Clause",
      "engines": {
        "node": ">=12"
      },
      "funding": {
        "url": "https://dotenvx.com"
      }
    },
    "node_modules/server": {
      "resolved": "server",
      "link": true
    },
    "node_modules/zod": {
      "version": "4.0.17",
      "resolved": "https://registry.npmjs.org/zod/-/zod-4.0.17.tgz",
      "integrity": "sha512-1PHjlYRevNxxdy2JZ8JcNAw7rX8V9P1AKkP+x/xZfxB0K5FYfuV+Ug6P/6NVSR2jHQ+FzDDoDHS04nYUsOIyLQ==",
      "license": "MIT",
      "funding": {
        "url": "https://github.com/sponsors/colinhacks"
      }
    },
    "server": {
      "version": "0.1.0",
      "dependencies": {
        "dotenv": "^17.2.1",
        "zod": "^4.0.17"
      }
    }
  }
}
